
Microsoft Visual Studio Solution File, Format Version 12.00
# Visual Studio Version 17
VisualStudioVersion = 17.10.34928.147
MinimumVisualStudioVersion = 10.0.40219.1
Project("{FAE04EC0-301F-11D3-BF4B-00C04F79EFBC}") = "ConvertStringToHash", "ConvertStringToHash.csproj", "{0DE98890-4DEF-4F09-AC00-98D546E1F60B}"
EndProject
Global
	GlobalSection(SolutionConfigurationPlatforms) = preSolution
		Debug|Any CPU = Debug|Any CPU
		Release|Any CPU = Release|Any CPU
	EndGlobalSection
	GlobalSection(ProjectConfigurationPlatforms) = postSolution
		{0DE98890-4DEF-4F09-AC00-98D546E1F60B}.Debug|Any CPU.ActiveCfg = Debug|Any CPU
		{0DE98890-4DEF-4F09-AC00-98D546E1F60B}.Debug|Any CPU.Build.0 = Debug|Any CPU
		{0DE98890-4DEF-4F09-AC00-98D546E1F60B}.Release|Any CPU.ActiveCfg = Release|Any CPU
		{0DE98890-4DEF-4F09-AC00-98D546E1F60B}.Release|Any CPU.Build.0 = Release|Any CPU
	EndGlobalSection
	GlobalSection(SolutionProperties) = preSolution
		HideSolutionNode = FALSE
	EndGlobalSection
	GlobalSection(ExtensibilityGlobals) = postSolution
		SolutionGuid = {084B362F-AFB4-4E77-935C-61C70711FC80}
	EndGlobalSection
EndGlobal
